
Microsoft Visual Studio Solution File, Format Version 12.00
# Visual Studio Version 17
VisualStudioVersion = 17.5.33516.290
MinimumVisualStudioVersion = 10.0.40219.1
Project("{8BC9CEB8-8B4A-11D0-8D11-00A0C91BC942}") = "QuickSort_149", "QuickSort_149\QuickSort_149.vcxproj", "{255E920E-4C7E-462F-B625-3E1838AF7E1A}"
EndProject
Global
	GlobalSection(SolutionConfigurationPlatforms) = preSolution
		Debug|x64 = Debug|x64
		Debug|x86 = Debug|x86
		Release|x64 = Release|x64
		Release|x86 = Release|x86
	EndGlobalSection
	GlobalSection(ProjectConfigurationPlatforms) = postSolution
		{255E920E-4C7E-462F-B625-3E1838AF7E1A}.Debug|x64.ActiveCfg = Debug|x64
		{255E920E-4C7E-462F-B625-3E1838AF7E1A}.Debug|x64.Build.0 = Debug|x64
		{255E920E-4C7E-462F-B625-3E1838AF7E1A}.Debug|x86.ActiveCfg = Debug|Win32
		{255E920E-4C7E-462F-B625-3E1838AF7E1A}.Debug|x86.Build.0 = Debug|Win32
		{255E920E-4C7E-462F-B625-3E1838AF7E1A}.Release|x64.ActiveCfg = Release|x64
		{255E920E-4C7E-462F-B625-3E1838AF7E1A}.Release|x64.Build.0 = Release|x64
		{255E920E-4C7E-462F-B625-3E1838AF7E1A}.Release|x86.ActiveCfg = Release|Win32
		{255E920E-4C7E-462F-B625-3E1838AF7E1A}.Release|x86.Build.0 = Release|Win32
	EndGlobalSection
	GlobalSection(SolutionProperties) = preSolution
		HideSolutionNode = FALSE
	EndGlobalSection
	GlobalSection(ExtensibilityGlobals) = postSolution
		SolutionGuid = {AB28530F-1412-4E07-9605-B7E2DB5E065D}
	EndGlobalSection
EndGlobal
